// !$*UTF8*$!
{
	archiveVersion = 1;
	classes = {
	};
	objectVersion = 46;
	objects = {

/* Begin PBXBuildFile section */
		B8C2401614C5AA79002AD18F /* UIKit.framework in Frameworks */ = {isa = PBXBuildFile; fileRef = B8C2401514C5AA79002AD18F /* UIKit.framework */; };
		B8C2401814C5AA79002AD18F /* Foundation.framework in Frameworks */ = {isa = PBXBuildFile; fileRef = B8C2401714C5AA79002AD18F /* Foundation.framework */; };
		B8C2401A14C5AA79002AD18F /* CoreGraphics.framework in Frameworks */ = {isa = PBXBuildFile; fileRef = B8C2401914C5AA79002AD18F /* CoreGraphics.framework */; };
		B8C2402014C5AA79002AD18F /* InfoPlist.strings in Resources */ = {isa = PBXBuildFile; fileRef = B8C2401E14C5AA79002AD18F /* InfoPlist.strings */; };
		B8C2402214C5AA79002AD18F /* main.m in Sources */ = {isa = PBXBuildFile; fileRef = B8C2402114C5AA79002AD18F /* main.m */; };
		B8C2402614C5AA79002AD18F /* JSAppDelegate.m in Sources */ = {isa = PBXBuildFile; fileRef = B8C2402514C5AA79002AD18F /* JSAppDelegate.m */; };
		B8C2402914C5AA79002AD18F /* JSViewController.m in Sources */ = {isa = PBXBuildFile; fileRef = B8C2402814C5AA79002AD18F /* JSViewController.m */; };
		B8C2402C14C5AA79002AD18F /* JSViewController_iPhone.xib in Resources */ = {isa = PBXBuildFile; fileRef = B8C2402A14C5AA79002AD18F /* JSViewController_iPhone.xib */; };
		B8C2402F14C5AA79002AD18F /* JSViewController_iPad.xib in Resources */ = {isa = PBXBuildFile; fileRef = B8C2402D14C5AA79002AD18F /* JSViewController_iPad.xib */; };
/* End PBXBuildFile section */

/* Begin PBXFileReference section */
		B8C2401114C5AA79002AD18F /* JSTwitter.app */ = {isa = PBXFileReference; explicitFileType = wrapper.application; includeInIndex = 0; path = JSTwitter.app; sourceTree = BUILT_PRODUCTS_DIR; };
		B8C2401514C5AA79002AD18F /* UIKit.framework */ = {isa = PBXFileReference; lastKnownFileType = wrapper.framework; name = UIKit.framework; path = System/Library/Frameworks/UIKit.framework; sourceTree = SDKROOT; };
		B8C2401714C5AA79002AD18F /* Foundation.framework */ = {isa = PBXFileReference; lastKnownFileType = wrapper.framework; name = Foundation.framework; path = System/Library/Frameworks/Foundation.framework; sourceTree = SDKROOT; };
		B8C2401914C5AA79002AD18F /* CoreGraphics.framework */ = {isa = PBXFileReference; lastKnownFileType = wrapper.framework; name = CoreGraphics.framework; path = System/Library/Frameworks/CoreGraphics.framework; sourceTree = SDKROOT; };
		B8C2401D14C5AA79002AD18F /* JSTwitter-Info.plist */ = {isa = PBXFileReference; path = "JSTwitter-Info.plist"; sourceTree = "<group>"; };
		B8C2401F14C5AA79002AD18F /* en */ = {isa = PBXFileReference; lastKnownFileType = text.plist.strings; name = en; path = en.lproj/InfoPlist.strings; sourceTree = "<group>"; };
		B8C2402114C5AA79002AD18F /* main.m */ = {isa = PBXFileReference; lastKnownFileType = sourcecode.c.objc; path = main.m; sourceTree = "<group>"; };
		B8C2402314C5AA79002AD18F /* JSTwitter-Prefix.pch */ = {isa = PBXFileReference; path = "JSTwitter-Prefix.pch"; sourceTree = "<group>"; };
		B8C2402414C5AA79002AD18F /* JSAppDelegate.h */ = {isa = PBXFileReference; path = JSAppDelegate.h; sourceTree = "<group>"; };
		B8C2402514C5AA79002AD18F /* JSAppDelegate.m */ = {isa = PBXFileReference; lastKnownFileType = sourcecode.c.objc; path = JSAppDelegate.m; sourceTree = "<group>"; };
		B8C2402714C5AA79002AD18F /* JSViewController.h */ = {isa = PBXFileReference; path = JSViewController.h; sourceTree = "<group>"; };
		B8C2402814C5AA79002AD18F /* JSViewController.m */ = {isa = PBXFileReference; lastKnownFileType = sourcecode.c.objc; path = JSViewController.m; sourceTree = "<group>"; };
		B8C2402B14C5AA79002AD18F /* en */ = {isa = PBXFileReference; lastKnownFileType = file.xib; name = en; path = en.lproj/JSViewController_iPhone.xib; sourceTree = "<group>"; };
		B8C2402E14C5AA79002AD18F /* en */ = {isa = PBXFileReference; lastKnownFileType = file.xib; name = en; path = en.lproj/JSViewController_iPad.xib; sourceTree = "<group>"; };
/* End PBXFileReference section */

/* Begin PBXFrameworksBuildPhase section */
		B8C2400E14C5AA79002AD18F /* Frameworks */ = {
			isa = PBXFrameworksBuildPhase;
			buildActionMask = 2147483647;
			files = (
				B8C2401614C5AA79002AD18F /* UIKit.framework in Frameworks */,
				B8C2401814C5AA79002AD18F /* Foundation.framework in Frameworks */,
				B8C2401A14C5AA79002AD18F /* CoreGraphics.framework in Frameworks */,
			);
			runOnlyForDeploymentPostprocessing = 0;
		};
/* End PBXFrameworksBuildPhase section */

/* Begin PBXGroup section */
		B8C2400614C5AA79002AD18F = {
			isa = PBXGroup;
			children = (
				B8C2401B14C5AA79002AD18F /* JSTwitter */,
				B8C2401414C5AA79002AD18F /* Frameworks */,
				B8C2401214C5AA79002AD18F /* Products */,
			);
			sourceTree = "<group>";
		};
		B8C2401214C5AA79002AD18F /* Products */ = {
			isa = PBXGroup;
			children = (
				B8C2401114C5AA79002AD18F /* JSTwitter.app */,
			);
			name = Products;
			sourceTree = "<group>";
		};
		B8C2401414C5AA79002AD18F /* Frameworks */ = {
			isa = PBXGroup;
			children = (
				B8C2401514C5AA79002AD18F /* UIKit.framework */,
				B8C2401714C5AA79002AD18F /* Foundation.framework */,
				B8C2401914C5AA79002AD18F /* CoreGraphics.framework */,
			);
			name = Frameworks;
			sourceTree = "<group>";
		};
		B8C2401B14C5AA79002AD18F /* JSTwitter */ = {
			isa = PBXGroup;
			children = (
				B8C2402414C5AA79002AD18F /* JSAppDelegate.h */,
				B8C2402514C5AA79002AD18F /* JSAppDelegate.m */,
				B8C2402714C5AA79002AD18F /* JSViewController.h */,
				B8C2402814C5AA79002AD18F /* JSViewController.m */,
				B8C2402A14C5AA79002AD18F /* JSViewController_iPhone.xib */,
				B8C2402D14C5AA79002AD18F /* JSViewController_iPad.xib */,
				B8C2401C14C5AA79002AD18F /* Supporting Files */,
			);
			path = JSTwitter;
			sourceTree = "<group>";
		};
		B8C2401C14C5AA79002AD18F /* Supporting Files */ = {
			isa = PBXGroup;
			children = (
				B8C2401D14C5AA79002AD18F /* JSTwitter-Info.plist */,
				B8C2401E14C5AA79002AD18F /* InfoPlist.strings */,
				B8C2402114C5AA79002AD18F /* main.m */,
				B8C2402314C5AA79002AD18F /* JSTwitter-Prefix.pch */,
			);
			name = "Supporting Files";
			sourceTree = "<group>";
		};
/* End PBXGroup section */

/* Begin PBXNativeTarget section */
		B8C2401014C5AA79002AD18F /* JSTwitter */ = {
			isa = PBXNativeTarget;
			buildConfigurationList = B8C2403214C5AA79002AD18F /* Build configuration list for PBXNativeTarget "JSTwitter" */;
			buildPhases = (
				B8C2400D14C5AA79002AD18F /* Sources */,
				B8C2400E14C5AA79002AD18F /* Frameworks */,
				B8C2400F14C5AA79002AD18F /* Resources */,
			);
			buildRules = (
			);
			dependencies = (
			);
			name = JSTwitter;
			productName = JSTwitter;
			productReference = B8C2401114C5AA79002AD18F /* JSTwitter.app */;
			productType = "com.apple.product-type.application";
		};
/* End PBXNativeTarget section */

/* Begin PBXProject section */
		B8C2400814C5AA79002AD18F /* Project object */ = {
			isa = PBXProject;
			attributes = {
				LastUpgradeCheck = 0420;
			};
			buildConfigurationList = B8C2400B14C5AA79002AD18F /* Build configuration list for PBXProject "JSTwitter" */;
			compatibilityVersion = "Xcode 3.2";
			developmentRegion = English;
			hasScannedForEncodings = 0;
			knownRegions = (
				en,
			);
			mainGroup = B8C2400614C5AA79002AD18F;
			productRefGroup = B8C2401214C5AA79002AD18F /* Products */;
			projectDirPath = "";
			projectRoot = "";
			targets = (
				B8C2401014C5AA79002AD18F /* JSTwitter */,
			);
		};
/* End PBXProject section */

/* Begin PBXResourcesBuildPhase section */
		B8C2400F14C5AA79002AD18F /* Resources */ = {
			isa = PBXResourcesBuildPhase;
			buildActionMask = 2147483647;
			files = (
				B8C2402014C5AA79002AD18F /* InfoPlist.strings in Resources */,
				B8C2402C14C5AA79002AD18F /* JSViewController_iPhone.xib in Resources */,
				B8C2402F14C5AA79002AD18F /* JSViewController_iPad.xib in Resources */,
			);
			runOnlyForDeploymentPostprocessing = 0;
		};
/* End PBXResourcesBuildPhase section */

/* Begin PBXSourcesBuildPhase section */
		B8C2400D14C5AA79002AD18F /* Sources */ = {
			isa = PBXSourcesBuildPhase;
			buildActionMask = 2147483647;
			files = (
				B8C2402214C5AA79002AD18F /* main.m in Sources */,
				B8C2402614C5AA79002AD18F /* JSAppDelegate.m in Sources */,
				B8C2402914C5AA79002AD18F /* JSViewController.m in Sources */,
			);
			runOnlyForDeploymentPostprocessing = 0;
		};
/* End PBXSourcesBuildPhase section */

/* Begin PBXVariantGroup section */
		B8C2401E14C5AA79002AD18F /* InfoPlist.strings */ = {
			isa = PBXVariantGroup;
			children = (
				B8C2401F14C5AA79002AD18F /* en */,
			);
			name = InfoPlist.strings;
			sourceTree = "<group>";
		};
		B8C2402A14C5AA79002AD18F /* JSViewController_iPhone.xib */ = {
			isa = PBXVariantGroup;
			children = (
				B8C2402B14C5AA79002AD18F /* en */,
			);
			name = JSViewController_iPhone.xib;
			sourceTree = "<group>";
		};
		B8C2402D14C5AA79002AD18F /* JSViewController_iPad.xib */ = {
			isa = PBXVariantGroup;
			children = (
				B8C2402E14C5AA79002AD18F /* en */,
			);
			name = JSViewController_iPad.xib;
			sourceTree = "<group>";
		};
/* End PBXVariantGroup section */

/* Begin XCBuildConfiguration section */
		B8C2403014C5AA79002AD18F /* Debug */ = {
			isa = XCBuildConfiguration;
			buildSettings = {
				ALWAYS_SEARCH_USER_PATHS = NO;
				ARCHS = "$(ARCHS_STANDARD_32_BIT)";
				"CODE_SIGN_IDENTITY[sdk=iphoneos*]" = "iPhone Developer";
				COPY_PHASE_STRIP = NO;
				GCC_C_LANGUAGE_STANDARD = gnu99;
				GCC_DYNAMIC_NO_PIC = NO;
				GCC_OPTIMIZATION_LEVEL = 0;
				GCC_PREPROCESSOR_DEFINITIONS = (
					"DEBUG=1",
					"$(inherited)",
				);
				GCC_SYMBOLS_PRIVATE_EXTERN = NO;
				GCC_VERSION = com.apple.compilers.llvm.clang.1_0;
				GCC_WARN_ABOUT_MISSING_PROTOTYPES = YES;
				GCC_WARN_ABOUT_RETURN_TYPE = YES;
				GCC_WARN_UNUSED_VARIABLE = YES;
				IPHONEOS_DEPLOYMENT_TARGET = 5.0;
				SDKROOT = iphoneos;
				TARGETED_DEVICE_FAMILY = "1,2";
			};
			name = Debug;
		};
		B8C2403114C5AA79002AD18F /* Release */ = {
			isa = XCBuildConfiguration;
			buildSettings = {
				ALWAYS_SEARCH_USER_PATHS = NO;
				ARCHS = "$(ARCHS_STANDARD_32_BIT)";
				"CODE_SIGN_IDENTITY[sdk=iphoneos*]" = "iPhone Developer";
				COPY_PHASE_STRIP = YES;
				GCC_C_LANGUAGE_STANDARD = gnu99;
				GCC_VERSION = com.apple.compilers.llvm.clang.1_0;
				GCC_WARN_ABOUT_MISSING_PROTOTYPES = YES;
				GCC_WARN_ABOUT_RETURN_TYPE = YES;
				GCC_WARN_UNUSED_VARIABLE = YES;
				IPHONEOS_DEPLOYMENT_TARGET = 5.0;
				OTHER_CFLAGS = "-DNS_BLOCK_ASSERTIONS=1";
				SDKROOT = iphoneos;
				TARGETED_DEVICE_FAMILY = "1,2";
				VALIDATE_PRODUCT = YES;
			};
			name = Release;
		};
		B8C2403314C5AA79002AD18F /* Debug */ = {
			isa = XCBuildConfiguration;
			buildSettings = {
				GCC_PRECOMPILE_PREFIX_HEADER = YES;
				GCC_PREFIX_HEADER = "JSTwitter/JSTwitter-Prefix.pch";
				INFOPLIST_FILE = "JSTwitter/JSTwitter-Info.plist";
				PRODUCT_NAME = "$(TARGET_NAME)";
				WRAPPER_EXTENSION = app;
			};
			name = Debug;
		};
		B8C2403414C5AA79002AD18F /* Release */ = {
			isa = XCBuildConfiguration;
			buildSettings = {
				GCC_PRECOMPILE_PREFIX_HEADER = YES;
				GCC_PREFIX_HEADER = "JSTwitter/JSTwitter-Prefix.pch";
				INFOPLIST_FILE = "JSTwitter/JSTwitter-Info.plist";
				PRODUCT_NAME = "$(TARGET_NAME)";
				WRAPPER_EXTENSION = app;
			};
			name = Release;
		};
/* End XCBuildConfiguration section */

/* Begin XCConfigurationList section */
		B8C2400B14C5AA79002AD18F /* Build configuration list for PBXProject "JSTwitter" */ = {
			isa = XCConfigurationList;
			buildConfigurations = (
				B8C2403014C5AA79002AD18F /* Debug */,
				B8C2403114C5AA79002AD18F /* Release */,
			);
			defaultConfigurationIsVisible = 0;
			defaultConfigurationName = Release;
		};
		B8C2403214C5AA79002AD18F /* Build configuration list for PBXNativeTarget "JSTwitter" */ = {
			isa = XCConfigurationList;
			buildConfigurations = (
				B8C2403314C5AA79002AD18F /* Debug */,
				B8C2403414C5AA79002AD18F /* Release */,
			);
			defaultConfigurationIsVisible = 0;
		};
/* End XCConfigurationList section */
	};
	rootObject = B8C2400814C5AA79002AD18F /* Project object */;
}
