// !$*UTF8*$!
{
	archiveVersion = 1;
	classes = {
	};
	objectVersion = 46;
	objects = {

/* Begin PBXBuildFile section */
		B81E836E14C5AD3000E2ACA5 /* JSTwitter.m in Sources */ = {isa = PBXBuildFile; fileRef = B81E836514C5AD3000E2ACA5 /* JSTwitter.m */; };
		B81E838214C5BFF700E2ACA5 /* JSONKit.m in Sources */ = {isa = PBXBuildFile; fileRef = B81E837F14C5BFF700E2ACA5 /* JSONKit.m */; };
		B81E83B814C5C6AE00E2ACA5 /* JSTwitterRequest.m in Sources */ = {isa = PBXBuildFile; fileRef = B81E83B714C5C6AE00E2ACA5 /* JSTwitterRequest.m */; };
		B81E83D214C5DB3B00E2ACA5 /* NSDictionary+HTTP.m in Sources */ = {isa = PBXBuildFile; fileRef = B81E83D114C5DB3B00E2ACA5 /* NSDictionary+HTTP.m */; };
		B81E841714C6323C00E2ACA5 /* JSTwitterAuthController.m in Sources */ = {isa = PBXBuildFile; fileRef = B81E836714C5AD3000E2ACA5 /* JSTwitterAuthController.m */; };
		B81E847C14C81C4800E2ACA5 /* JSOAuthRequest.m in Sources */ = {isa = PBXBuildFile; fileRef = B81E847B14C81C4700E2ACA5 /* JSOAuthRequest.m */; };
		B81E848014C81D9C00E2ACA5 /* JSOAuthToken.m in Sources */ = {isa = PBXBuildFile; fileRef = B81E847F14C81D9C00E2ACA5 /* JSOAuthToken.m */; };
		B81E848314C81DA900E2ACA5 /* JSOAuthConsumer.m in Sources */ = {isa = PBXBuildFile; fileRef = B81E848214C81DA900E2ACA5 /* JSOAuthConsumer.m */; };
		B81E849A14C82CB300E2ACA5 /* NSString+JSOAuthSigning.m in Sources */ = {isa = PBXBuildFile; fileRef = B81E849914C82CB300E2ACA5 /* NSString+JSOAuthSigning.m */; };
		B81E84AA14C83BA800E2ACA5 /* Base64Transcoder.c in Sources */ = {isa = PBXBuildFile; fileRef = B81E84A814C83BA800E2ACA5 /* Base64Transcoder.c */; };
		B81E84AD14C84D2500E2ACA5 /* NSString+URLEncoding.m in Sources */ = {isa = PBXBuildFile; fileRef = B81E84AC14C84D2500E2ACA5 /* NSString+URLEncoding.m */; };
		B81E84B014C859FC00E2ACA5 /* NSURL+Base.m in Sources */ = {isa = PBXBuildFile; fileRef = B81E84AF14C859FB00E2ACA5 /* NSURL+Base.m */; };
		B81EFFC1154F69F0003851AA /* IMG_0050.JPG in Resources */ = {isa = PBXBuildFile; fileRef = B81EFFC0154F69F0003851AA /* IMG_0050.JPG */; };
		B8C2401614C5AA79002AD18F /* UIKit.framework in Frameworks */ = {isa = PBXBuildFile; fileRef = B8C2401514C5AA79002AD18F /* UIKit.framework */; };
		B8C2401814C5AA79002AD18F /* Foundation.framework in Frameworks */ = {isa = PBXBuildFile; fileRef = B8C2401714C5AA79002AD18F /* Foundation.framework */; };
		B8C2401A14C5AA79002AD18F /* CoreGraphics.framework in Frameworks */ = {isa = PBXBuildFile; fileRef = B8C2401914C5AA79002AD18F /* CoreGraphics.framework */; };
		B8C2402014C5AA79002AD18F /* InfoPlist.strings in Resources */ = {isa = PBXBuildFile; fileRef = B8C2401E14C5AA79002AD18F /* InfoPlist.strings */; };
		B8C2402214C5AA79002AD18F /* main.m in Sources */ = {isa = PBXBuildFile; fileRef = B8C2402114C5AA79002AD18F /* main.m */; };
		B8C2402614C5AA79002AD18F /* JSAppDelegate.m in Sources */ = {isa = PBXBuildFile; fileRef = B8C2402514C5AA79002AD18F /* JSAppDelegate.m */; };
		B8C2402914C5AA79002AD18F /* JSViewController.m in Sources */ = {isa = PBXBuildFile; fileRef = B8C2402814C5AA79002AD18F /* JSViewController.m */; };
		B8C2402C14C5AA79002AD18F /* JSViewController_iPhone.xib in Resources */ = {isa = PBXBuildFile; fileRef = B8C2402A14C5AA79002AD18F /* JSViewController_iPhone.xib */; };
		B8C2402F14C5AA79002AD18F /* JSViewController_iPad.xib in Resources */ = {isa = PBXBuildFile; fileRef = B8C2402D14C5AA79002AD18F /* JSViewController_iPad.xib */; };
/* End PBXBuildFile section */

/* Begin PBXFileReference section */
		B81E836414C5AD3000E2ACA5 /* JSTwitter.h */ = {isa = PBXFileReference; fileEncoding = 4; lastKnownFileType = sourcecode.c.h; path = JSTwitter.h; sourceTree = "<group>"; };
		B81E836514C5AD3000E2ACA5 /* JSTwitter.m */ = {isa = PBXFileReference; fileEncoding = 4; lastKnownFileType = sourcecode.c.objc; path = JSTwitter.m; sourceTree = "<group>"; };
		B81E836614C5AD3000E2ACA5 /* JSTwitterAuthController.h */ = {isa = PBXFileReference; fileEncoding = 4; lastKnownFileType = sourcecode.c.h; path = JSTwitterAuthController.h; sourceTree = "<group>"; };
		B81E836714C5AD3000E2ACA5 /* JSTwitterAuthController.m */ = {isa = PBXFileReference; fileEncoding = 4; lastKnownFileType = sourcecode.c.objc; path = JSTwitterAuthController.m; sourceTree = "<group>"; };
		B81E837E14C5BFF700E2ACA5 /* JSONKit.h */ = {isa = PBXFileReference; fileEncoding = 4; lastKnownFileType = sourcecode.c.h; path = JSONKit.h; sourceTree = "<group>"; };
		B81E837F14C5BFF700E2ACA5 /* JSONKit.m */ = {isa = PBXFileReference; fileEncoding = 4; lastKnownFileType = sourcecode.c.objc; path = JSONKit.m; sourceTree = "<group>"; };
		B81E83B614C5C6AE00E2ACA5 /* JSTwitterRequest.h */ = {isa = PBXFileReference; fileEncoding = 4; lastKnownFileType = sourcecode.c.h; path = JSTwitterRequest.h; sourceTree = "<group>"; };
		B81E83B714C5C6AE00E2ACA5 /* JSTwitterRequest.m */ = {isa = PBXFileReference; fileEncoding = 4; lastKnownFileType = sourcecode.c.objc; path = JSTwitterRequest.m; sourceTree = "<group>"; };
		B81E83D014C5DB3B00E2ACA5 /* NSDictionary+HTTP.h */ = {isa = PBXFileReference; fileEncoding = 4; lastKnownFileType = sourcecode.c.h; path = "NSDictionary+HTTP.h"; sourceTree = "<group>"; };
		B81E83D114C5DB3B00E2ACA5 /* NSDictionary+HTTP.m */ = {isa = PBXFileReference; fileEncoding = 4; lastKnownFileType = sourcecode.c.objc; path = "NSDictionary+HTTP.m"; sourceTree = "<group>"; };
		B81E847A14C81C4700E2ACA5 /* JSOAuthRequest.h */ = {isa = PBXFileReference; fileEncoding = 4; lastKnownFileType = sourcecode.c.h; path = JSOAuthRequest.h; sourceTree = "<group>"; };
		B81E847B14C81C4700E2ACA5 /* JSOAuthRequest.m */ = {isa = PBXFileReference; fileEncoding = 4; lastKnownFileType = sourcecode.c.objc; path = JSOAuthRequest.m; sourceTree = "<group>"; };
		B81E847E14C81D9C00E2ACA5 /* JSOAuthToken.h */ = {isa = PBXFileReference; fileEncoding = 4; lastKnownFileType = sourcecode.c.h; path = JSOAuthToken.h; sourceTree = "<group>"; };
		B81E847F14C81D9C00E2ACA5 /* JSOAuthToken.m */ = {isa = PBXFileReference; fileEncoding = 4; lastKnownFileType = sourcecode.c.objc; path = JSOAuthToken.m; sourceTree = "<group>"; };
		B81E848114C81DA900E2ACA5 /* JSOAuthConsumer.h */ = {isa = PBXFileReference; fileEncoding = 4; lastKnownFileType = sourcecode.c.h; path = JSOAuthConsumer.h; sourceTree = "<group>"; };
		B81E848214C81DA900E2ACA5 /* JSOAuthConsumer.m */ = {isa = PBXFileReference; fileEncoding = 4; lastKnownFileType = sourcecode.c.objc; path = JSOAuthConsumer.m; sourceTree = "<group>"; };
		B81E849814C82CB300E2ACA5 /* NSString+JSOAuthSigning.h */ = {isa = PBXFileReference; fileEncoding = 4; lastKnownFileType = sourcecode.c.h; path = "NSString+JSOAuthSigning.h"; sourceTree = "<group>"; };
		B81E849914C82CB300E2ACA5 /* NSString+JSOAuthSigning.m */ = {isa = PBXFileReference; fileEncoding = 4; lastKnownFileType = sourcecode.c.objc; path = "NSString+JSOAuthSigning.m"; sourceTree = "<group>"; };
		B81E84A814C83BA800E2ACA5 /* Base64Transcoder.c */ = {isa = PBXFileReference; fileEncoding = 4; lastKnownFileType = sourcecode.c.c; path = Base64Transcoder.c; sourceTree = "<group>"; };
		B81E84A914C83BA800E2ACA5 /* Base64Transcoder.h */ = {isa = PBXFileReference; fileEncoding = 4; lastKnownFileType = sourcecode.c.h; path = Base64Transcoder.h; sourceTree = "<group>"; };
		B81E84AB14C84D2500E2ACA5 /* NSString+URLEncoding.h */ = {isa = PBXFileReference; fileEncoding = 4; lastKnownFileType = sourcecode.c.h; path = "NSString+URLEncoding.h"; sourceTree = "<group>"; };
		B81E84AC14C84D2500E2ACA5 /* NSString+URLEncoding.m */ = {isa = PBXFileReference; fileEncoding = 4; lastKnownFileType = sourcecode.c.objc; path = "NSString+URLEncoding.m"; sourceTree = "<group>"; };
		B81E84AE14C859FB00E2ACA5 /* NSURL+Base.h */ = {isa = PBXFileReference; fileEncoding = 4; lastKnownFileType = sourcecode.c.h; path = "NSURL+Base.h"; sourceTree = "<group>"; };
		B81E84AF14C859FB00E2ACA5 /* NSURL+Base.m */ = {isa = PBXFileReference; fileEncoding = 4; lastKnownFileType = sourcecode.c.objc; path = "NSURL+Base.m"; sourceTree = "<group>"; };
		B81EFFC0154F69F0003851AA /* IMG_0050.JPG */ = {isa = PBXFileReference; lastKnownFileType = image.jpeg; path = IMG_0050.JPG; sourceTree = "<group>"; };
		B8C2401114C5AA79002AD18F /* JSTwitter.app */ = {isa = PBXFileReference; explicitFileType = wrapper.application; includeInIndex = 0; path = JSTwitter.app; sourceTree = BUILT_PRODUCTS_DIR; };
		B8C2401514C5AA79002AD18F /* UIKit.framework */ = {isa = PBXFileReference; lastKnownFileType = wrapper.framework; name = UIKit.framework; path = System/Library/Frameworks/UIKit.framework; sourceTree = SDKROOT; };
		B8C2401714C5AA79002AD18F /* Foundation.framework */ = {isa = PBXFileReference; lastKnownFileType = wrapper.framework; name = Foundation.framework; path = System/Library/Frameworks/Foundation.framework; sourceTree = SDKROOT; };
		B8C2401914C5AA79002AD18F /* CoreGraphics.framework */ = {isa = PBXFileReference; lastKnownFileType = wrapper.framework; name = CoreGraphics.framework; path = System/Library/Frameworks/CoreGraphics.framework; sourceTree = SDKROOT; };
		B8C2401D14C5AA79002AD18F /* JSTwitter-Info.plist */ = {isa = PBXFileReference; lastKnownFileType = text.plist.xml; path = "JSTwitter-Info.plist"; sourceTree = "<group>"; };
		B8C2401F14C5AA79002AD18F /* en */ = {isa = PBXFileReference; lastKnownFileType = text.plist.strings; name = en; path = en.lproj/InfoPlist.strings; sourceTree = "<group>"; };
		B8C2402114C5AA79002AD18F /* main.m */ = {isa = PBXFileReference; lastKnownFileType = sourcecode.c.objc; path = main.m; sourceTree = "<group>"; };
		B8C2402314C5AA79002AD18F /* JSTwitter-Prefix.pch */ = {isa = PBXFileReference; lastKnownFileType = sourcecode.c.h; path = "JSTwitter-Prefix.pch"; sourceTree = "<group>"; };
		B8C2402414C5AA79002AD18F /* JSAppDelegate.h */ = {isa = PBXFileReference; lastKnownFileType = sourcecode.c.h; path = JSAppDelegate.h; sourceTree = "<group>"; };
		B8C2402514C5AA79002AD18F /* JSAppDelegate.m */ = {isa = PBXFileReference; lastKnownFileType = sourcecode.c.objc; path = JSAppDelegate.m; sourceTree = "<group>"; };
		B8C2402714C5AA79002AD18F /* JSViewController.h */ = {isa = PBXFileReference; lastKnownFileType = sourcecode.c.h; path = JSViewController.h; sourceTree = "<group>"; };
		B8C2402814C5AA79002AD18F /* JSViewController.m */ = {isa = PBXFileReference; lastKnownFileType = sourcecode.c.objc; path = JSViewController.m; sourceTree = "<group>"; };
		B8C2402B14C5AA79002AD18F /* en */ = {isa = PBXFileReference; lastKnownFileType = file.xib; name = en; path = en.lproj/JSViewController_iPhone.xib; sourceTree = "<group>"; };
		B8C2402E14C5AA79002AD18F /* en */ = {isa = PBXFileReference; lastKnownFileType = file.xib; name = en; path = en.lproj/JSViewController_iPad.xib; sourceTree = "<group>"; };
/* End PBXFileReference section */

/* Begin PBXFrameworksBuildPhase section */
		B8C2400E14C5AA79002AD18F /* Frameworks */ = {
			isa = PBXFrameworksBuildPhase;
			buildActionMask = 2147483647;
			files = (
				B8C2401614C5AA79002AD18F /* UIKit.framework in Frameworks */,
				B8C2401814C5AA79002AD18F /* Foundation.framework in Frameworks */,
				B8C2401A14C5AA79002AD18F /* CoreGraphics.framework in Frameworks */,
			);
			runOnlyForDeploymentPostprocessing = 0;
		};
/* End PBXFrameworksBuildPhase section */

/* Begin PBXGroup section */
		B81E836314C5AD3000E2ACA5 /* JSTwitterSDK */ = {
			isa = PBXGroup;
			children = (
				B81E84A714C83BA800E2ACA5 /* Crypto */,
				B81E836414C5AD3000E2ACA5 /* JSTwitter.h */,
				B81E836514C5AD3000E2ACA5 /* JSTwitter.m */,
				B81E83B614C5C6AE00E2ACA5 /* JSTwitterRequest.h */,
				B81E83B714C5C6AE00E2ACA5 /* JSTwitterRequest.m */,
				B81E836614C5AD3000E2ACA5 /* JSTwitterAuthController.h */,
				B81E836714C5AD3000E2ACA5 /* JSTwitterAuthController.m */,
				B81E847A14C81C4700E2ACA5 /* JSOAuthRequest.h */,
				B81E847B14C81C4700E2ACA5 /* JSOAuthRequest.m */,
				B81E847E14C81D9C00E2ACA5 /* JSOAuthToken.h */,
				B81E847F14C81D9C00E2ACA5 /* JSOAuthToken.m */,
				B81E848114C81DA900E2ACA5 /* JSOAuthConsumer.h */,
				B81E848214C81DA900E2ACA5 /* JSOAuthConsumer.m */,
				B81E849814C82CB300E2ACA5 /* NSString+JSOAuthSigning.h */,
				B81E849914C82CB300E2ACA5 /* NSString+JSOAuthSigning.m */,
				B81E84AB14C84D2500E2ACA5 /* NSString+URLEncoding.h */,
				B81E84AC14C84D2500E2ACA5 /* NSString+URLEncoding.m */,
				B81E83D014C5DB3B00E2ACA5 /* NSDictionary+HTTP.h */,
				B81E83D114C5DB3B00E2ACA5 /* NSDictionary+HTTP.m */,
				B81E84AE14C859FB00E2ACA5 /* NSURL+Base.h */,
				B81E84AF14C859FB00E2ACA5 /* NSURL+Base.m */,
			);
			path = JSTwitterSDK;
			sourceTree = "<group>";
		};
		B81E837C14C5BFF700E2ACA5 /* JSONKit */ = {
			isa = PBXGroup;
			children = (
				B81E837E14C5BFF700E2ACA5 /* JSONKit.h */,
				B81E837F14C5BFF700E2ACA5 /* JSONKit.m */,
			);
			path = JSONKit;
			sourceTree = "<group>";
		};
		B81E84A714C83BA800E2ACA5 /* Crypto */ = {
			isa = PBXGroup;
			children = (
				B81E84A814C83BA800E2ACA5 /* Base64Transcoder.c */,
				B81E84A914C83BA800E2ACA5 /* Base64Transcoder.h */,
			);
			path = Crypto;
			sourceTree = "<group>";
		};
		B8C2400614C5AA79002AD18F = {
			isa = PBXGroup;
			children = (
				B81E837C14C5BFF700E2ACA5 /* JSONKit */,
				B81E836314C5AD3000E2ACA5 /* JSTwitterSDK */,
				B8C2401B14C5AA79002AD18F /* JSTwitter */,
				B8C2401414C5AA79002AD18F /* Frameworks */,
				B8C2401214C5AA79002AD18F /* Products */,
			);
			sourceTree = "<group>";
		};
		B8C2401214C5AA79002AD18F /* Products */ = {
			isa = PBXGroup;
			children = (
				B8C2401114C5AA79002AD18F /* JSTwitter.app */,
			);
			name = Products;
			sourceTree = "<group>";
		};
		B8C2401414C5AA79002AD18F /* Frameworks */ = {
			isa = PBXGroup;
			children = (
				B8C2401514C5AA79002AD18F /* UIKit.framework */,
				B8C2401714C5AA79002AD18F /* Foundation.framework */,
				B8C2401914C5AA79002AD18F /* CoreGraphics.framework */,
			);
			name = Frameworks;
			sourceTree = "<group>";
		};
		B8C2401B14C5AA79002AD18F /* JSTwitter */ = {
			isa = PBXGroup;
			children = (
				B81EFFC0154F69F0003851AA /* IMG_0050.JPG */,
				B8C2402414C5AA79002AD18F /* JSAppDelegate.h */,
				B8C2402514C5AA79002AD18F /* JSAppDelegate.m */,
				B8C2402714C5AA79002AD18F /* JSViewController.h */,
				B8C2402814C5AA79002AD18F /* JSViewController.m */,
				B8C2402A14C5AA79002AD18F /* JSViewController_iPhone.xib */,
				B8C2402D14C5AA79002AD18F /* JSViewController_iPad.xib */,
				B8C2401C14C5AA79002AD18F /* Supporting Files */,
			);
			path = JSTwitter;
			sourceTree = "<group>";
		};
		B8C2401C14C5AA79002AD18F /* Supporting Files */ = {
			isa = PBXGroup;
			children = (
				B8C2401D14C5AA79002AD18F /* JSTwitter-Info.plist */,
				B8C2401E14C5AA79002AD18F /* InfoPlist.strings */,
				B8C2402114C5AA79002AD18F /* main.m */,
				B8C2402314C5AA79002AD18F /* JSTwitter-Prefix.pch */,
			);
			name = "Supporting Files";
			sourceTree = "<group>";
		};
/* End PBXGroup section */

/* Begin PBXNativeTarget section */
		B8C2401014C5AA79002AD18F /* JSTwitter */ = {
			isa = PBXNativeTarget;
			buildConfigurationList = B8C2403214C5AA79002AD18F /* Build configuration list for PBXNativeTarget "JSTwitter" */;
			buildPhases = (
				B8C2400D14C5AA79002AD18F /* Sources */,
				B8C2400E14C5AA79002AD18F /* Frameworks */,
				B8C2400F14C5AA79002AD18F /* Resources */,
			);
			buildRules = (
			);
			dependencies = (
			);
			name = JSTwitter;
			productName = JSTwitter;
			productReference = B8C2401114C5AA79002AD18F /* JSTwitter.app */;
			productType = "com.apple.product-type.application";
		};
/* End PBXNativeTarget section */

/* Begin PBXProject section */
		B8C2400814C5AA79002AD18F /* Project object */ = {
			isa = PBXProject;
			attributes = {
				LastUpgradeCheck = 0420;
				ORGANIZATIONNAME = JernejStrasner.com;
			};
			buildConfigurationList = B8C2400B14C5AA79002AD18F /* Build configuration list for PBXProject "JSTwitter" */;
			compatibilityVersion = "Xcode 3.2";
			developmentRegion = English;
			hasScannedForEncodings = 0;
			knownRegions = (
				en,
			);
			mainGroup = B8C2400614C5AA79002AD18F;
			productRefGroup = B8C2401214C5AA79002AD18F /* Products */;
			projectDirPath = "";
			projectRoot = "";
			targets = (
				B8C2401014C5AA79002AD18F /* JSTwitter */,
			);
		};
/* End PBXProject section */

/* Begin PBXResourcesBuildPhase section */
		B8C2400F14C5AA79002AD18F /* Resources */ = {
			isa = PBXResourcesBuildPhase;
			buildActionMask = 2147483647;
			files = (
				B8C2402014C5AA79002AD18F /* InfoPlist.strings in Resources */,
				B8C2402C14C5AA79002AD18F /* JSViewController_iPhone.xib in Resources */,
				B8C2402F14C5AA79002AD18F /* JSViewController_iPad.xib in Resources */,
				B81EFFC1154F69F0003851AA /* IMG_0050.JPG in Resources */,
			);
			runOnlyForDeploymentPostprocessing = 0;
		};
/* End PBXResourcesBuildPhase section */

/* Begin PBXSourcesBuildPhase section */
		B8C2400D14C5AA79002AD18F /* Sources */ = {
			isa = PBXSourcesBuildPhase;
			buildActionMask = 2147483647;
			files = (
				B8C2402214C5AA79002AD18F /* main.m in Sources */,
				B8C2402614C5AA79002AD18F /* JSAppDelegate.m in Sources */,
				B8C2402914C5AA79002AD18F /* JSViewController.m in Sources */,
				B81E836E14C5AD3000E2ACA5 /* JSTwitter.m in Sources */,
				B81E838214C5BFF700E2ACA5 /* JSONKit.m in Sources */,
				B81E83B814C5C6AE00E2ACA5 /* JSTwitterRequest.m in Sources */,
				B81E83D214C5DB3B00E2ACA5 /* NSDictionary+HTTP.m in Sources */,
				B81E841714C6323C00E2ACA5 /* JSTwitterAuthController.m in Sources */,
				B81E847C14C81C4800E2ACA5 /* JSOAuthRequest.m in Sources */,
				B81E848014C81D9C00E2ACA5 /* JSOAuthToken.m in Sources */,
				B81E848314C81DA900E2ACA5 /* JSOAuthConsumer.m in Sources */,
				B81E849A14C82CB300E2ACA5 /* NSString+JSOAuthSigning.m in Sources */,
				B81E84AA14C83BA800E2ACA5 /* Base64Transcoder.c in Sources */,
				B81E84AD14C84D2500E2ACA5 /* NSString+URLEncoding.m in Sources */,
				B81E84B014C859FC00E2ACA5 /* NSURL+Base.m in Sources */,
			);
			runOnlyForDeploymentPostprocessing = 0;
		};
/* End PBXSourcesBuildPhase section */

/* Begin PBXVariantGroup section */
		B8C2401E14C5AA79002AD18F /* InfoPlist.strings */ = {
			isa = PBXVariantGroup;
			children = (
				B8C2401F14C5AA79002AD18F /* en */,
			);
			name = InfoPlist.strings;
			sourceTree = "<group>";
		};
		B8C2402A14C5AA79002AD18F /* JSViewController_iPhone.xib */ = {
			isa = PBXVariantGroup;
			children = (
				B8C2402B14C5AA79002AD18F /* en */,
			);
			name = JSViewController_iPhone.xib;
			sourceTree = "<group>";
		};
		B8C2402D14C5AA79002AD18F /* JSViewController_iPad.xib */ = {
			isa = PBXVariantGroup;
			children = (
				B8C2402E14C5AA79002AD18F /* en */,
			);
			name = JSViewController_iPad.xib;
			sourceTree = "<group>";
		};
/* End PBXVariantGroup section */

/* Begin XCBuildConfiguration section */
		B8C2403014C5AA79002AD18F /* Debug */ = {
			isa = XCBuildConfiguration;
			buildSettings = {
				ALWAYS_SEARCH_USER_PATHS = NO;
				ARCHS = "$(ARCHS_STANDARD_32_BIT)";
				"CODE_SIGN_IDENTITY[sdk=iphoneos*]" = "iPhone Developer";
				COPY_PHASE_STRIP = NO;
				GCC_C_LANGUAGE_STANDARD = gnu99;
				GCC_DYNAMIC_NO_PIC = NO;
				GCC_OPTIMIZATION_LEVEL = 0;
				GCC_PREPROCESSOR_DEFINITIONS = (
					"DEBUG=1",
					"$(inherited)",
				);
				GCC_SYMBOLS_PRIVATE_EXTERN = NO;
				GCC_VERSION = com.apple.compilers.llvm.clang.1_0;
				GCC_WARN_ABOUT_MISSING_PROTOTYPES = YES;
				GCC_WARN_ABOUT_RETURN_TYPE = YES;
				GCC_WARN_UNUSED_VARIABLE = YES;
				IPHONEOS_DEPLOYMENT_TARGET = 5.0;
				SDKROOT = iphoneos;
				TARGETED_DEVICE_FAMILY = "1,2";
			};
			name = Debug;
		};
		B8C2403114C5AA79002AD18F /* Release */ = {
			isa = XCBuildConfiguration;
			buildSettings = {
				ALWAYS_SEARCH_USER_PATHS = NO;
				ARCHS = "$(ARCHS_STANDARD_32_BIT)";
				"CODE_SIGN_IDENTITY[sdk=iphoneos*]" = "iPhone Developer";
				COPY_PHASE_STRIP = YES;
				GCC_C_LANGUAGE_STANDARD = gnu99;
				GCC_VERSION = com.apple.compilers.llvm.clang.1_0;
				GCC_WARN_ABOUT_MISSING_PROTOTYPES = YES;
				GCC_WARN_ABOUT_RETURN_TYPE = YES;
				GCC_WARN_UNUSED_VARIABLE = YES;
				IPHONEOS_DEPLOYMENT_TARGET = 5.0;
				OTHER_CFLAGS = "-DNS_BLOCK_ASSERTIONS=1";
				SDKROOT = iphoneos;
				TARGETED_DEVICE_FAMILY = "1,2";
				VALIDATE_PRODUCT = YES;
			};
			name = Release;
		};
		B8C2403314C5AA79002AD18F /* Debug */ = {
			isa = XCBuildConfiguration;
			buildSettings = {
				GCC_PRECOMPILE_PREFIX_HEADER = YES;
				GCC_PREFIX_HEADER = "JSTwitter/JSTwitter-Prefix.pch";
				INFOPLIST_FILE = "JSTwitter/JSTwitter-Info.plist";
				IPHONEOS_DEPLOYMENT_TARGET = 4.0;
				PRODUCT_NAME = "$(TARGET_NAME)";
				WRAPPER_EXTENSION = app;
			};
			name = Debug;
		};
		B8C2403414C5AA79002AD18F /* Release */ = {
			isa = XCBuildConfiguration;
			buildSettings = {
				GCC_PRECOMPILE_PREFIX_HEADER = YES;
				GCC_PREFIX_HEADER = "JSTwitter/JSTwitter-Prefix.pch";
				INFOPLIST_FILE = "JSTwitter/JSTwitter-Info.plist";
				IPHONEOS_DEPLOYMENT_TARGET = 4.0;
				PRODUCT_NAME = "$(TARGET_NAME)";
				WRAPPER_EXTENSION = app;
			};
			name = Release;
		};
/* End XCBuildConfiguration section */

/* Begin XCConfigurationList section */
		B8C2400B14C5AA79002AD18F /* Build configuration list for PBXProject "JSTwitter" */ = {
			isa = XCConfigurationList;
			buildConfigurations = (
				B8C2403014C5AA79002AD18F /* Debug */,
				B8C2403114C5AA79002AD18F /* Release */,
			);
			defaultConfigurationIsVisible = 0;
			defaultConfigurationName = Release;
		};
		B8C2403214C5AA79002AD18F /* Build configuration list for PBXNativeTarget "JSTwitter" */ = {
			isa = XCConfigurationList;
			buildConfigurations = (
				B8C2403314C5AA79002AD18F /* Debug */,
				B8C2403414C5AA79002AD18F /* Release */,
			);
			defaultConfigurationIsVisible = 0;
			defaultConfigurationName = Release;
		};
/* End XCConfigurationList section */
	};
	rootObject = B8C2400814C5AA79002AD18F /* Project object */;
}
